
Microsoft Visual Studio Solution File, Format Version 12.00
# Visual Studio 15
VisualStudioVersion = 15.0.26730.10
MinimumVisualStudioVersion = 10.0.40219.1
Project("{8BC9CEB8-8B4A-11D0-8D11-00A0C91BC942}") = "Lab7", "Lab7.vcxproj", "{36CEB4FA-C7A5-4172-87C2-7D198161FA48}"
EndProject
Global
	GlobalSection(SolutionConfigurationPlatforms) = preSolution
		Debug|x64 = Debug|x64
		Debug|x86 = Debug|x86
		Release|x64 = Release|x64
		Release|x86 = Release|x86
	EndGlobalSection
	GlobalSection(ProjectConfigurationPlatforms) = postSolution
		{36CEB4FA-C7A5-4172-87C2-7D198161FA48}.Debug|x64.ActiveCfg = Debug|x64
		{36CEB4FA-C7A5-4172-87C2-7D198161FA48}.Debug|x64.Build.0 = Debug|x64
		{36CEB4FA-C7A5-4172-87C2-7D198161FA48}.Debug|x86.ActiveCfg = Debug|Win32
		{36CEB4FA-C7A5-4172-87C2-7D198161FA48}.Debug|x86.Build.0 = Debug|Win32
		{36CEB4FA-C7A5-4172-87C2-7D198161FA48}.Release|x64.ActiveCfg = Release|x64
		{36CEB4FA-C7A5-4172-87C2-7D198161FA48}.Release|x64.Build.0 = Release|x64
		{36CEB4FA-C7A5-4172-87C2-7D198161FA48}.Release|x86.ActiveCfg = Release|Win32
		{36CEB4FA-C7A5-4172-87C2-7D198161FA48}.Release|x86.Build.0 = Release|Win32
	EndGlobalSection
	GlobalSection(SolutionProperties) = preSolution
		HideSolutionNode = FALSE
	EndGlobalSection
	GlobalSection(ExtensibilityGlobals) = postSolution
		SolutionGuid = {9BFC7CE6-CA86-4322-B3F4-F3594D017450}
	EndGlobalSection
EndGlobal
